// !$*UTF8*$!
{
	archiveVersion = 1;
	classes = {
	};
	objectVersion = 51;
	objects = {

/* Begin PBXBuildFile section */
		63CDCC4BA5E29C15CA28FBC4 /* Pods_WisdomToothWebApp.framework in Frameworks */ = {isa = PBXBuildFile; fileRef = A9011EEC43F86CB80D446A4B /* Pods_WisdomToothWebApp.framework */; };
		D34BE0BBB3F16D9AE78702B0 /* Pods_WisdomToothWebApp_WisdomToothWebAppUITests.framework in Frameworks */ = {isa = PBXBuildFile; fileRef = 2B3A46EA6AC05243A93DD406 /* Pods_WisdomToothWebApp_WisdomToothWebAppUITests.framework */; };
		E151FE5311284379AE233837 /* Pods_WisdomToothWebAppTests.framework in Frameworks */ = {isa = PBXBuildFile; fileRef = 94A452334BBB1926F0E6C691 /* Pods_WisdomToothWebAppTests.framework */; };
		FE3380A726E7BC2400E00E7F /* Reachability.swift in Sources */ = {isa = PBXBuildFile; fileRef = FE3380A626E7BC2400E00E7F /* Reachability.swift */; };
		FE80BB7A26E61A4C004224AB /* GoogleService-Info.plist in Resources */ = {isa = PBXBuildFile; fileRef = FE80BB7926E61A4C004224AB /* GoogleService-Info.plist */; };
		FE993DA426D65E50002A3462 /* AppDelegate.swift in Sources */ = {isa = PBXBuildFile; fileRef = FE993DA326D65E50002A3462 /* AppDelegate.swift */; };
		FE993DA626D65E50002A3462 /* SceneDelegate.swift in Sources */ = {isa = PBXBuildFile; fileRef = FE993DA526D65E50002A3462 /* SceneDelegate.swift */; };
		FE993DA826D65E50002A3462 /* ViewController.swift in Sources */ = {isa = PBXBuildFile; fileRef = FE993DA726D65E50002A3462 /* ViewController.swift */; };
		FE993DAB26D65E50002A3462 /* Main.storyboard in Resources */ = {isa = PBXBuildFile; fileRef = FE993DA926D65E50002A3462 /* Main.storyboard */; };
		FE993DAD26D65E52002A3462 /* Assets.xcassets in Resources */ = {isa = PBXBuildFile; fileRef = FE993DAC26D65E52002A3462 /* Assets.xcassets */; };
		FE993DB026D65E52002A3462 /* LaunchScreen.storyboard in Resources */ = {isa = PBXBuildFile; fileRef = FE993DAE26D65E52002A3462 /* LaunchScreen.storyboard */; };
		FE993DBB26D65E53002A3462 /* WisdomToothWebAppTests.swift in Sources */ = {isa = PBXBuildFile; fileRef = FE993DBA26D65E53002A3462 /* WisdomToothWebAppTests.swift */; };
		FE993DC626D65E53002A3462 /* WisdomToothWebAppUITests.swift in Sources */ = {isa = PBXBuildFile; fileRef = FE993DC526D65E53002A3462 /* WisdomToothWebAppUITests.swift */; };
/* End PBXBuildFile section */

/* Begin PBXContainerItemProxy section */
		FE993DB726D65E53002A3462 /* PBXContainerItemProxy */ = {
			isa = PBXContainerItemProxy;
			containerPortal = FE993D9826D65E50002A3462 /* Project object */;
			proxyType = 1;
			remoteGlobalIDString = FE993D9F26D65E50002A3462;
			remoteInfo = WisdomToothWebApp;
		};
		FE993DC226D65E53002A3462 /* PBXContainerItemProxy */ = {
			isa = PBXContainerItemProxy;
			containerPortal = FE993D9826D65E50002A3462 /* Project object */;
			proxyType = 1;
			remoteGlobalIDString = FE993D9F26D65E50002A3462;
			remoteInfo = WisdomToothWebApp;
		};
/* End PBXContainerItemProxy section */

/* Begin PBXFileReference section */
		03BEFA34745B38A1FA1D5795 /* Pods-WisdomToothWebApp-WisdomToothWebAppUITests.release.xcconfig */ = {isa = PBXFileReference; includeInIndex = 1; lastKnownFileType = text.xcconfig; name = "Pods-WisdomToothWebApp-WisdomToothWebAppUITests.release.xcconfig"; path = "Target Support Files/Pods-WisdomToothWebApp-WisdomToothWebAppUITests/Pods-WisdomToothWebApp-WisdomToothWebAppUITests.release.xcconfig"; sourceTree = "<group>"; };
		1466CE609C6E396F11846542 /* Pods-WisdomToothWebApp-WisdomToothWebAppUITests.debug.xcconfig */ = {isa = PBXFileReference; includeInIndex = 1; lastKnownFileType = text.xcconfig; name = "Pods-WisdomToothWebApp-WisdomToothWebAppUITests.debug.xcconfig"; path = "Target Support Files/Pods-WisdomToothWebApp-WisdomToothWebAppUITests/Pods-WisdomToothWebApp-WisdomToothWebAppUITests.debug.xcconfig"; sourceTree = "<group>"; };
		2B3A46EA6AC05243A93DD406 /* Pods_WisdomToothWebApp_WisdomToothWebAppUITests.framework */ = {isa = PBXFileReference; explicitFileType = wrapper.framework; includeInIndex = 0; path = Pods_WisdomToothWebApp_WisdomToothWebAppUITests.framework; sourceTree = BUILT_PRODUCTS_DIR; };
		865BAB456703326FDE0FD8BA /* Pods-WisdomToothWebAppTests.debug.xcconfig */ = {isa = PBXFileReference; includeInIndex = 1; lastKnownFileType = text.xcconfig; name = "Pods-WisdomToothWebAppTests.debug.xcconfig"; path = "Target Support Files/Pods-WisdomToothWebAppTests/Pods-WisdomToothWebAppTests.debug.xcconfig"; sourceTree = "<group>"; };
		8D50015B573DFC3AB530DEDF /* Pods-WisdomToothWebApp.release.xcconfig */ = {isa = PBXFileReference; includeInIndex = 1; lastKnownFileType = text.xcconfig; name = "Pods-WisdomToothWebApp.release.xcconfig"; path = "Target Support Files/Pods-WisdomToothWebApp/Pods-WisdomToothWebApp.release.xcconfig"; sourceTree = "<group>"; };
		94A452334BBB1926F0E6C691 /* Pods_WisdomToothWebAppTests.framework */ = {isa = PBXFileReference; explicitFileType = wrapper.framework; includeInIndex = 0; path = Pods_WisdomToothWebAppTests.framework; sourceTree = BUILT_PRODUCTS_DIR; };
		A9011EEC43F86CB80D446A4B /* Pods_WisdomToothWebApp.framework */ = {isa = PBXFileReference; explicitFileType = wrapper.framework; includeInIndex = 0; path = Pods_WisdomToothWebApp.framework; sourceTree = BUILT_PRODUCTS_DIR; };
		B91E96700DE29265C30FA904 /* Pods-WisdomToothWebApp.debug.xcconfig */ = {isa = PBXFileReference; includeInIndex = 1; lastKnownFileType = text.xcconfig; name = "Pods-WisdomToothWebApp.debug.xcconfig"; path = "Target Support Files/Pods-WisdomToothWebApp/Pods-WisdomToothWebApp.debug.xcconfig"; sourceTree = "<group>"; };
		EC00C893AB8B2696CB6D8441 /* Pods-WisdomToothWebAppTests.release.xcconfig */ = {isa = PBXFileReference; includeInIndex = 1; lastKnownFileType = text.xcconfig; name = "Pods-WisdomToothWebAppTests.release.xcconfig"; path = "Target Support Files/Pods-WisdomToothWebAppTests/Pods-WisdomToothWebAppTests.release.xcconfig"; sourceTree = "<group>"; };
		FE3380A626E7BC2400E00E7F /* Reachability.swift */ = {isa = PBXFileReference; lastKnownFileType = sourcecode.swift; path = Reachability.swift; sourceTree = "<group>"; };
		FE80BB7926E61A4C004224AB /* GoogleService-Info.plist */ = {isa = PBXFileReference; lastKnownFileType = text.plist; path = "GoogleService-Info.plist"; sourceTree = SOURCE_ROOT; };
		FE993DA026D65E50002A3462 /* WisdomToothWebApp.app */ = {isa = PBXFileReference; explicitFileType = wrapper.application; includeInIndex = 0; path = WisdomToothWebApp.app; sourceTree = BUILT_PRODUCTS_DIR; };
		FE993DA326D65E50002A3462 /* AppDelegate.swift */ = {isa = PBXFileReference; lastKnownFileType = sourcecode.swift; path = AppDelegate.swift; sourceTree = "<group>"; };
		FE993DA526D65E50002A3462 /* SceneDelegate.swift */ = {isa = PBXFileReference; lastKnownFileType = sourcecode.swift; path = SceneDelegate.swift; sourceTree = "<group>"; };
		FE993DA726D65E50002A3462 /* ViewController.swift */ = {isa = PBXFileReference; lastKnownFileType = sourcecode.swift; path = ViewController.swift; sourceTree = "<group>"; };
		FE993DAA26D65E50002A3462 /* Base */ = {isa = PBXFileReference; lastKnownFileType = file.storyboard; name = Base; path = Base.lproj/Main.storyboard; sourceTree = "<group>"; };
		FE993DAC26D65E52002A3462 /* Assets.xcassets */ = {isa = PBXFileReference; lastKnownFileType = folder.assetcatalog; path = Assets.xcassets; sourceTree = "<group>"; };
		FE993DAF26D65E52002A3462 /* Base */ = {isa = PBXFileReference; lastKnownFileType = file.storyboard; name = Base; path = Base.lproj/LaunchScreen.storyboard; sourceTree = "<group>"; };
		FE993DB126D65E52002A3462 /* Info.plist */ = {isa = PBXFileReference; lastKnownFileType = text.plist.xml; path = Info.plist; sourceTree = "<group>"; };
		FE993DB626D65E53002A3462 /* WisdomToothWebAppTests.xctest */ = {isa = PBXFileReference; explicitFileType = wrapper.cfbundle; includeInIndex = 0; path = WisdomToothWebAppTests.xctest; sourceTree = BUILT_PRODUCTS_DIR; };
		FE993DBA26D65E53002A3462 /* WisdomToothWebAppTests.swift */ = {isa = PBXFileReference; lastKnownFileType = sourcecode.swift; path = WisdomToothWebAppTests.swift; sourceTree = "<group>"; };
		FE993DBC26D65E53002A3462 /* Info.plist */ = {isa = PBXFileReference; lastKnownFileType = text.plist.xml; path = Info.plist; sourceTree = "<group>"; };
		FE993DC126D65E53002A3462 /* WisdomToothWebAppUITests.xctest */ = {isa = PBXFileReference; explicitFileType = wrapper.cfbundle; includeInIndex = 0; path = WisdomToothWebAppUITests.xctest; sourceTree = BUILT_PRODUCTS_DIR; };
		FE993DC526D65E53002A3462 /* WisdomToothWebAppUITests.swift */ = {isa = PBXFileReference; lastKnownFileType = sourcecode.swift; path = WisdomToothWebAppUITests.swift; sourceTree = "<group>"; };
		FE993DC726D65E53002A3462 /* Info.plist */ = {isa = PBXFileReference; lastKnownFileType = text.plist.xml; path = Info.plist; sourceTree = "<group>"; };
		FEF67EC426E6F3ED0047072F /* WisdomToothWebApp.entitlements */ = {isa = PBXFileReference; lastKnownFileType = text.plist.entitlements; path = WisdomToothWebApp.entitlements; sourceTree = "<group>"; };
/* End PBXFileReference section */

/* Begin PBXFrameworksBuildPhase section */
		FE993D9D26D65E50002A3462 /* Frameworks */ = {
			isa = PBXFrameworksBuildPhase;
			buildActionMask = 2147483647;
			files = (
				63CDCC4BA5E29C15CA28FBC4 /* Pods_WisdomToothWebApp.framework in Frameworks */,
			);
			runOnlyForDeploymentPostprocessing = 0;
		};
		FE993DB326D65E53002A3462 /* Frameworks */ = {
			isa = PBXFrameworksBuildPhase;
			buildActionMask = 2147483647;
			files = (
				E151FE5311284379AE233837 /* Pods_WisdomToothWebAppTests.framework in Frameworks */,
			);
			runOnlyForDeploymentPostprocessing = 0;
		};
		FE993DBE26D65E53002A3462 /* Frameworks */ = {
			isa = PBXFrameworksBuildPhase;
			buildActionMask = 2147483647;
			files = (
				D34BE0BBB3F16D9AE78702B0 /* Pods_WisdomToothWebApp_WisdomToothWebAppUITests.framework in Frameworks */,
			);
			runOnlyForDeploymentPostprocessing = 0;
		};
/* End PBXFrameworksBuildPhase section */

/* Begin PBXGroup section */
		AF97CF080B981C27298DC468 /* Frameworks */ = {
			isa = PBXGroup;
			children = (
				A9011EEC43F86CB80D446A4B /* Pods_WisdomToothWebApp.framework */,
				2B3A46EA6AC05243A93DD406 /* Pods_WisdomToothWebApp_WisdomToothWebAppUITests.framework */,
				94A452334BBB1926F0E6C691 /* Pods_WisdomToothWebAppTests.framework */,
			);
			name = Frameworks;
			sourceTree = "<group>";
		};
		C87CCBAC32D405F2BC72852C /* Pods */ = {
			isa = PBXGroup;
			children = (
				B91E96700DE29265C30FA904 /* Pods-WisdomToothWebApp.debug.xcconfig */,
				8D50015B573DFC3AB530DEDF /* Pods-WisdomToothWebApp.release.xcconfig */,
				1466CE609C6E396F11846542 /* Pods-WisdomToothWebApp-WisdomToothWebAppUITests.debug.xcconfig */,
				03BEFA34745B38A1FA1D5795 /* Pods-WisdomToothWebApp-WisdomToothWebAppUITests.release.xcconfig */,
				865BAB456703326FDE0FD8BA /* Pods-WisdomToothWebAppTests.debug.xcconfig */,
				EC00C893AB8B2696CB6D8441 /* Pods-WisdomToothWebAppTests.release.xcconfig */,
			);
			path = Pods;
			sourceTree = "<group>";
		};
		FE993D9726D65E50002A3462 = {
			isa = PBXGroup;
			children = (
				FE993DA226D65E50002A3462 /* WisdomToothWebApp */,
				FE993DB926D65E53002A3462 /* WisdomToothWebAppTests */,
				FE993DC426D65E53002A3462 /* WisdomToothWebAppUITests */,
				FE993DA126D65E50002A3462 /* Products */,
				C87CCBAC32D405F2BC72852C /* Pods */,
				AF97CF080B981C27298DC468 /* Frameworks */,
			);
			sourceTree = "<group>";
			usesTabs = 0;
		};
		FE993DA126D65E50002A3462 /* Products */ = {
			isa = PBXGroup;
			children = (
				FE993DA026D65E50002A3462 /* WisdomToothWebApp.app */,
				FE993DB626D65E53002A3462 /* WisdomToothWebAppTests.xctest */,
				FE993DC126D65E53002A3462 /* WisdomToothWebAppUITests.xctest */,
			);
			name = Products;
			sourceTree = "<group>";
		};
		FE993DA226D65E50002A3462 /* WisdomToothWebApp */ = {
			isa = PBXGroup;
			children = (
				FEF67EC426E6F3ED0047072F /* WisdomToothWebApp.entitlements */,
				FE993DA326D65E50002A3462 /* AppDelegate.swift */,
				FE993DA526D65E50002A3462 /* SceneDelegate.swift */,
				FE993DA726D65E50002A3462 /* ViewController.swift */,
				FE993DA926D65E50002A3462 /* Main.storyboard */,
				FE993DAC26D65E52002A3462 /* Assets.xcassets */,
				FE993DAE26D65E52002A3462 /* LaunchScreen.storyboard */,
				FE993DB126D65E52002A3462 /* Info.plist */,
				FE80BB7926E61A4C004224AB /* GoogleService-Info.plist */,
				FE3380A626E7BC2400E00E7F /* Reachability.swift */,
			);
			path = WisdomToothWebApp;
			sourceTree = "<group>";
		};
		FE993DB926D65E53002A3462 /* WisdomToothWebAppTests */ = {
			isa = PBXGroup;
			children = (
				FE993DBA26D65E53002A3462 /* WisdomToothWebAppTests.swift */,
				FE993DBC26D65E53002A3462 /* Info.plist */,
			);
			path = WisdomToothWebAppTests;
			sourceTree = "<group>";
		};
		FE993DC426D65E53002A3462 /* WisdomToothWebAppUITests */ = {
			isa = PBXGroup;
			children = (
				FE993DC526D65E53002A3462 /* WisdomToothWebAppUITests.swift */,
				FE993DC726D65E53002A3462 /* Info.plist */,
			);
			path = WisdomToothWebAppUITests;
			sourceTree = "<group>";
		};
/* End PBXGroup section */

/* Begin PBXNativeTarget section */
		FE993D9F26D65E50002A3462 /* WisdomToothWebApp */ = {
			isa = PBXNativeTarget;
			buildConfigurationList = FE993DCA26D65E53002A3462 /* Build configuration list for PBXNativeTarget "WisdomToothWebApp" */;
			buildPhases = (
				10E7B75F1DC047FCB0D7F50C /* [CP] Check Pods Manifest.lock */,
				FE993D9C26D65E50002A3462 /* Sources */,
				FE993D9D26D65E50002A3462 /* Frameworks */,
				FE993D9E26D65E50002A3462 /* Resources */,
				7E74D79959386458FFF1C451 /* [CP] Embed Pods Frameworks */,
			);
			buildRules = (
			);
			dependencies = (
			);
			name = WisdomToothWebApp;
			productName = WisdomToothWebApp;
			productReference = FE993DA026D65E50002A3462 /* WisdomToothWebApp.app */;
			productType = "com.apple.product-type.application";
		};
		FE993DB526D65E53002A3462 /* WisdomToothWebAppTests */ = {
			isa = PBXNativeTarget;
			buildConfigurationList = FE993DCD26D65E53002A3462 /* Build configuration list for PBXNativeTarget "WisdomToothWebAppTests" */;
			buildPhases = (
				BBD94683F1773FAB86099E00 /* [CP] Check Pods Manifest.lock */,
				FE993DB226D65E53002A3462 /* Sources */,
				FE993DB326D65E53002A3462 /* Frameworks */,
				FE993DB426D65E53002A3462 /* Resources */,
			);
			buildRules = (
			);
			dependencies = (
				FE993DB826D65E53002A3462 /* PBXTargetDependency */,
			);
			name = WisdomToothWebAppTests;
			productName = WisdomToothWebAppTests;
			productReference = FE993DB626D65E53002A3462 /* WisdomToothWebAppTests.xctest */;
			productType = "com.apple.product-type.bundle.unit-test";
		};
		FE993DC026D65E53002A3462 /* WisdomToothWebAppUITests */ = {
			isa = PBXNativeTarget;
			buildConfigurationList = FE993DD026D65E53002A3462 /* Build configuration list for PBXNativeTarget "WisdomToothWebAppUITests" */;
			buildPhases = (
				E87638576B769A3208D88B5B /* [CP] Check Pods Manifest.lock */,
				FE993DBD26D65E53002A3462 /* Sources */,
				FE993DBE26D65E53002A3462 /* Frameworks */,
				FE993DBF26D65E53002A3462 /* Resources */,
				B8A713206EA55DAA6F63E9D7 /* [CP] Embed Pods Frameworks */,
			);
			buildRules = (
			);
			dependencies = (
				FE993DC326D65E53002A3462 /* PBXTargetDependency */,
			);
			name = WisdomToothWebAppUITests;
			productName = WisdomToothWebAppUITests;
			productReference = FE993DC126D65E53002A3462 /* WisdomToothWebAppUITests.xctest */;
			productType = "com.apple.product-type.bundle.ui-testing";
		};
/* End PBXNativeTarget section */

/* Begin PBXProject section */
		FE993D9826D65E50002A3462 /* Project object */ = {
			isa = PBXProject;
			attributes = {
				LastSwiftUpdateCheck = 1250;
				LastUpgradeCheck = 1250;
				TargetAttributes = {
					FE993D9F26D65E50002A3462 = {
						CreatedOnToolsVersion = 12.5;
					};
					FE993DB526D65E53002A3462 = {
						CreatedOnToolsVersion = 12.5;
						TestTargetID = FE993D9F26D65E50002A3462;
					};
					FE993DC026D65E53002A3462 = {
						CreatedOnToolsVersion = 12.5;
						TestTargetID = FE993D9F26D65E50002A3462;
					};
				};
			};
			buildConfigurationList = FE993D9B26D65E50002A3462 /* Build configuration list for PBXProject "WisdomToothWebApp" */;
			compatibilityVersion = "Xcode 9.3";
			developmentRegion = en;
			hasScannedForEncodings = 0;
			knownRegions = (
				en,
				Base,
			);
			mainGroup = FE993D9726D65E50002A3462;
			productRefGroup = FE993DA126D65E50002A3462 /* Products */;
			projectDirPath = "";
			projectRoot = "";
			targets = (
				FE993D9F26D65E50002A3462 /* WisdomToothWebApp */,
				FE993DB526D65E53002A3462 /* WisdomToothWebAppTests */,
				FE993DC026D65E53002A3462 /* WisdomToothWebAppUITests */,
			);
		};
/* End PBXProject section */

/* Begin PBXResourcesBuildPhase section */
		FE993D9E26D65E50002A3462 /* Resources */ = {
			isa = PBXResourcesBuildPhase;
			buildActionMask = 2147483647;
			files = (
				FE993DB026D65E52002A3462 /* LaunchScreen.storyboard in Resources */,
				FE80BB7A26E61A4C004224AB /* GoogleService-Info.plist in Resources */,
				FE993DAD26D65E52002A3462 /* Assets.xcassets in Resources */,
				FE993DAB26D65E50002A3462 /* Main.storyboard in Resources */,
			);
			runOnlyForDeploymentPostprocessing = 0;
		};
		FE993DB426D65E53002A3462 /* Resources */ = {
			isa = PBXResourcesBuildPhase;
			buildActionMask = 2147483647;
			files = (
			);
			runOnlyForDeploymentPostprocessing = 0;
		};
		FE993DBF26D65E53002A3462 /* Resources */ = {
			isa = PBXResourcesBuildPhase;
			buildActionMask = 2147483647;
			files = (
			);
			runOnlyForDeploymentPostprocessing = 0;
		};
/* End PBXResourcesBuildPhase section */

/* Begin PBXShellScriptBuildPhase section */
		10E7B75F1DC047FCB0D7F50C /* [CP] Check Pods Manifest.lock */ = {
			isa = PBXShellScriptBuildPhase;
			buildActionMask = 2147483647;
			files = (
			);
			inputFileListPaths = (
			);
			inputPaths = (
				"${PODS_PODFILE_DIR_PATH}/Podfile.lock",
				"${PODS_ROOT}/Manifest.lock",
			);
			name = "[CP] Check Pods Manifest.lock";
			outputFileListPaths = (
			);
			outputPaths = (
				"$(DERIVED_FILE_DIR)/Pods-WisdomToothWebApp-checkManifestLockResult.txt",
			);
			runOnlyForDeploymentPostprocessing = 0;
			shellPath = /bin/sh;
			shellScript = "diff \"${PODS_PODFILE_DIR_PATH}/Podfile.lock\" \"${PODS_ROOT}/Manifest.lock\" > /dev/null\nif [ $? != 0 ] ; then\n    # print error to STDERR\n    echo \"error: The sandbox is not in sync with the Podfile.lock. Run 'pod install' or update your CocoaPods installation.\" >&2\n    exit 1\nfi\n# This output is used by Xcode 'outputs' to avoid re-running this script phase.\necho \"SUCCESS\" > \"${SCRIPT_OUTPUT_FILE_0}\"\n";
			showEnvVarsInLog = 0;
		};
		7E74D79959386458FFF1C451 /* [CP] Embed Pods Frameworks */ = {
			isa = PBXShellScriptBuildPhase;
			buildActionMask = 2147483647;
			files = (
			);
			inputFileListPaths = (
				"${PODS_ROOT}/Target Support Files/Pods-WisdomToothWebApp/Pods-WisdomToothWebApp-frameworks-${CONFIGURATION}-input-files.xcfilelist",
			);
			name = "[CP] Embed Pods Frameworks";
			outputFileListPaths = (
				"${PODS_ROOT}/Target Support Files/Pods-WisdomToothWebApp/Pods-WisdomToothWebApp-frameworks-${CONFIGURATION}-output-files.xcfilelist",
			);
			runOnlyForDeploymentPostprocessing = 0;
			shellPath = /bin/sh;
			shellScript = "\"${PODS_ROOT}/Target Support Files/Pods-WisdomToothWebApp/Pods-WisdomToothWebApp-frameworks.sh\"\n";
			showEnvVarsInLog = 0;
		};
		B8A713206EA55DAA6F63E9D7 /* [CP] Embed Pods Frameworks */ = {
			isa = PBXShellScriptBuildPhase;
			buildActionMask = 2147483647;
			files = (
			);
			inputFileListPaths = (
				"${PODS_ROOT}/Target Support Files/Pods-WisdomToothWebApp-WisdomToothWebAppUITests/Pods-WisdomToothWebApp-WisdomToothWebAppUITests-frameworks-${CONFIGURATION}-input-files.xcfilelist",
			);
			name = "[CP] Embed Pods Frameworks";
			outputFileListPaths = (
				"${PODS_ROOT}/Target Support Files/Pods-WisdomToothWebApp-WisdomToothWebAppUITests/Pods-WisdomToothWebApp-WisdomToothWebAppUITests-frameworks-${CONFIGURATION}-output-files.xcfilelist",
			);
			runOnlyForDeploymentPostprocessing = 0;
			shellPath = /bin/sh;
			shellScript = "\"${PODS_ROOT}/Target Support Files/Pods-WisdomToothWebApp-WisdomToothWebAppUITests/Pods-WisdomToothWebApp-WisdomToothWebAppUITests-frameworks.sh\"\n";
			showEnvVarsInLog = 0;
		};
		BBD94683F1773FAB86099E00 /* [CP] Check Pods Manifest.lock */ = {
			isa = PBXShellScriptBuildPhase;
			buildActionMask = 2147483647;
			files = (
			);
			inputFileListPaths = (
			);
			inputPaths = (
				"${PODS_PODFILE_DIR_PATH}/Podfile.lock",
				"${PODS_ROOT}/Manifest.lock",
			);
			name = "[CP] Check Pods Manifest.lock";
			outputFileListPaths = (
			);
			outputPaths = (
				"$(DERIVED_FILE_DIR)/Pods-WisdomToothWebAppTests-checkManifestLockResult.txt",
			);
			runOnlyForDeploymentPostprocessing = 0;
			shellPath = /bin/sh;
			shellScript = "diff \"${PODS_PODFILE_DIR_PATH}/Podfile.lock\" \"${PODS_ROOT}/Manifest.lock\" > /dev/null\nif [ $? != 0 ] ; then\n    # print error to STDERR\n    echo \"error: The sandbox is not in sync with the Podfile.lock. Run 'pod install' or update your CocoaPods installation.\" >&2\n    exit 1\nfi\n# This output is used by Xcode 'outputs' to avoid re-running this script phase.\necho \"SUCCESS\" > \"${SCRIPT_OUTPUT_FILE_0}\"\n";
			showEnvVarsInLog = 0;
		};
		E87638576B769A3208D88B5B /* [CP] Check Pods Manifest.lock */ = {
			isa = PBXShellScriptBuildPhase;
			buildActionMask = 2147483647;
			files = (
			);
			inputFileListPaths = (
			);
			inputPaths = (
				"${PODS_PODFILE_DIR_PATH}/Podfile.lock",
				"${PODS_ROOT}/Manifest.lock",
			);
			name = "[CP] Check Pods Manifest.lock";
			outputFileListPaths = (
			);
			outputPaths = (
				"$(DERIVED_FILE_DIR)/Pods-WisdomToothWebApp-WisdomToothWebAppUITests-checkManifestLockResult.txt",
			);
			runOnlyForDeploymentPostprocessing = 0;
			shellPath = /bin/sh;
			shellScript = "diff \"${PODS_PODFILE_DIR_PATH}/Podfile.lock\" \"${PODS_ROOT}/Manifest.lock\" > /dev/null\nif [ $? != 0 ] ; then\n    # print error to STDERR\n    echo \"error: The sandbox is not in sync with the Podfile.lock. Run 'pod install' or update your CocoaPods installation.\" >&2\n    exit 1\nfi\n# This output is used by Xcode 'outputs' to avoid re-running this script phase.\necho \"SUCCESS\" > \"${SCRIPT_OUTPUT_FILE_0}\"\n";
			showEnvVarsInLog = 0;
		};
/* End PBXShellScriptBuildPhase section */

/* Begin PBXSourcesBuildPhase section */
		FE993D9C26D65E50002A3462 /* Sources */ = {
			isa = PBXSourcesBuildPhase;
			buildActionMask = 2147483647;
			files = (
				FE993DA826D65E50002A3462 /* ViewController.swift in Sources */,
				FE993DA426D65E50002A3462 /* AppDelegate.swift in Sources */,
				FE3380A726E7BC2400E00E7F /* Reachability.swift in Sources */,
				FE993DA626D65E50002A3462 /* SceneDelegate.swift in Sources */,
			);
			runOnlyForDeploymentPostprocessing = 0;
		};
		FE993DB226D65E53002A3462 /* Sources */ = {
			isa = PBXSourcesBuildPhase;
			buildActionMask = 2147483647;
			files = (
				FE993DBB26D65E53002A3462 /* WisdomToothWebAppTests.swift in Sources */,
			);
			runOnlyForDeploymentPostprocessing = 0;
		};
		FE993DBD26D65E53002A3462 /* Sources */ = {
			isa = PBXSourcesBuildPhase;
			buildActionMask = 2147483647;
			files = (
				FE993DC626D65E53002A3462 /* WisdomToothWebAppUITests.swift in Sources */,
			);
			runOnlyForDeploymentPostprocessing = 0;
		};
/* End PBXSourcesBuildPhase section */

/* Begin PBXTargetDependency section */
		FE993DB826D65E53002A3462 /* PBXTargetDependency */ = {
			isa = PBXTargetDependency;
			target = FE993D9F26D65E50002A3462 /* WisdomToothWebApp */;
			targetProxy = FE993DB726D65E53002A3462 /* PBXContainerItemProxy */;
		};
		FE993DC326D65E53002A3462 /* PBXTargetDependency */ = {
			isa = PBXTargetDependency;
			target = FE993D9F26D65E50002A3462 /* WisdomToothWebApp */;
			targetProxy = FE993DC226D65E53002A3462 /* PBXContainerItemProxy */;
		};
/* End PBXTargetDependency section */

/* Begin PBXVariantGroup section */
		FE993DA926D65E50002A3462 /* Main.storyboard */ = {
			isa = PBXVariantGroup;
			children = (
				FE993DAA26D65E50002A3462 /* Base */,
			);
			name = Main.storyboard;
			sourceTree = "<group>";
		};
		FE993DAE26D65E52002A3462 /* LaunchScreen.storyboard */ = {
			isa = PBXVariantGroup;
			children = (
				FE993DAF26D65E52002A3462 /* Base */,
			);
			name = LaunchScreen.storyboard;
			sourceTree = "<group>";
		};
/* End PBXVariantGroup section */

/* Begin XCBuildConfiguration section */
		FE993DC826D65E53002A3462 /* Debug */ = {
			isa = XCBuildConfiguration;
			buildSettings = {
				ALWAYS_SEARCH_USER_PATHS = NO;
				CLANG_ANALYZER_NONNULL = YES;
				CLANG_ANALYZER_NUMBER_OBJECT_CONVERSION = YES_AGGRESSIVE;
				CLANG_CXX_LANGUAGE_STANDARD = "gnu++14";
				CLANG_CXX_LIBRARY = "libc++";
				CLANG_ENABLE_MODULES = YES;
				CLANG_ENABLE_OBJC_ARC = YES;
				CLANG_ENABLE_OBJC_WEAK = YES;
				CLANG_WARN_BLOCK_CAPTURE_AUTORELEASING = YES;
				CLANG_WARN_BOOL_CONVERSION = YES;
				CLANG_WARN_COMMA = YES;
				CLANG_WARN_CONSTANT_CONVERSION = YES;
				CLANG_WARN_DEPRECATED_OBJC_IMPLEMENTATIONS = YES;
				CLANG_WARN_DIRECT_OBJC_ISA_USAGE = YES_ERROR;
				CLANG_WARN_DOCUMENTATION_COMMENTS = YES;
				CLANG_WARN_EMPTY_BODY = YES;
				CLANG_WARN_ENUM_CONVERSION = YES;
				CLANG_WARN_INFINITE_RECURSION = YES;
				CLANG_WARN_INT_CONVERSION = YES;
				CLANG_WARN_NON_LITERAL_NULL_CONVERSION = YES;
				CLANG_WARN_OBJC_IMPLICIT_RETAIN_SELF = YES;
				CLANG_WARN_OBJC_LITERAL_CONVERSION = YES;
				CLANG_WARN_OBJC_ROOT_CLASS = YES_ERROR;
				CLANG_WARN_QUOTED_INCLUDE_IN_FRAMEWORK_HEADER = YES;
				CLANG_WARN_RANGE_LOOP_ANALYSIS = YES;
				CLANG_WARN_STRICT_PROTOTYPES = YES;
				CLANG_WARN_SUSPICIOUS_MOVE = YES;
				CLANG_WARN_UNGUARDED_AVAILABILITY = YES_AGGRESSIVE;
				CLANG_WARN_UNREACHABLE_CODE = YES;
				CLANG_WARN__DUPLICATE_METHOD_MATCH = YES;
				COPY_PHASE_STRIP = NO;
				DEBUG_INFORMATION_FORMAT = dwarf;
				ENABLE_STRICT_OBJC_MSGSEND = YES;
				ENABLE_TESTABILITY = YES;
				GCC_C_LANGUAGE_STANDARD = gnu11;
				GCC_DYNAMIC_NO_PIC = NO;
				GCC_NO_COMMON_BLOCKS = YES;
				GCC_OPTIMIZATION_LEVEL = 0;
				GCC_PREPROCESSOR_DEFINITIONS = (
					"DEBUG=1",
					"$(inherited)",
				);
				GCC_WARN_64_TO_32_BIT_CONVERSION = YES;
				GCC_WARN_ABOUT_RETURN_TYPE = YES_ERROR;
				GCC_WARN_UNDECLARED_SELECTOR = YES;
				GCC_WARN_UNINITIALIZED_AUTOS = YES_AGGRESSIVE;
				GCC_WARN_UNUSED_FUNCTION = YES;
				GCC_WARN_UNUSED_VARIABLE = YES;
				IPHONEOS_DEPLOYMENT_TARGET = 14.5;
				MTL_ENABLE_DEBUG_INFO = INCLUDE_SOURCE;
				MTL_FAST_MATH = YES;
				ONLY_ACTIVE_ARCH = YES;
				SDKROOT = iphoneos;
				SWIFT_ACTIVE_COMPILATION_CONDITIONS = DEBUG;
				SWIFT_OPTIMIZATION_LEVEL = "-Onone";
			};
			name = Debug;
		};
		FE993DC926D65E53002A3462 /* Release */ = {
			isa = XCBuildConfiguration;
			buildSettings = {
				ALWAYS_SEARCH_USER_PATHS = NO;
				CLANG_ANALYZER_NONNULL = YES;
				CLANG_ANALYZER_NUMBER_OBJECT_CONVERSION = YES_AGGRESSIVE;
				CLANG_CXX_LANGUAGE_STANDARD = "gnu++14";
				CLANG_CXX_LIBRARY = "libc++";
				CLANG_ENABLE_MODULES = YES;
				CLANG_ENABLE_OBJC_ARC = YES;
				CLANG_ENABLE_OBJC_WEAK = YES;
				CLANG_WARN_BLOCK_CAPTURE_AUTORELEASING = YES;
				CLANG_WARN_BOOL_CONVERSION = YES;
				CLANG_WARN_COMMA = YES;
				CLANG_WARN_CONSTANT_CONVERSION = YES;
				CLANG_WARN_DEPRECATED_OBJC_IMPLEMENTATIONS = YES;
				CLANG_WARN_DIRECT_OBJC_ISA_USAGE = YES_ERROR;
				CLANG_WARN_DOCUMENTATION_COMMENTS = YES;
				CLANG_WARN_EMPTY_BODY = YES;
				CLANG_WARN_ENUM_CONVERSION = YES;
				CLANG_WARN_INFINITE_RECURSION = YES;
				CLANG_WARN_INT_CONVERSION = YES;
				CLANG_WARN_NON_LITERAL_NULL_CONVERSION = YES;
				CLANG_WARN_OBJC_IMPLICIT_RETAIN_SELF = YES;
				CLANG_WARN_OBJC_LITERAL_CONVERSION = YES;
				CLANG_WARN_OBJC_ROOT_CLASS = YES_ERROR;
				CLANG_WARN_QUOTED_INCLUDE_IN_FRAMEWORK_HEADER = YES;
				CLANG_WARN_RANGE_LOOP_ANALYSIS = YES;
				CLANG_WARN_STRICT_PROTOTYPES = YES;
				CLANG_WARN_SUSPICIOUS_MOVE = YES;
				CLANG_WARN_UNGUARDED_AVAILABILITY = YES_AGGRESSIVE;
				CLANG_WARN_UNREACHABLE_CODE = YES;
				CLANG_WARN__DUPLICATE_METHOD_MATCH = YES;
				COPY_PHASE_STRIP = NO;
				DEBUG_INFORMATION_FORMAT = "dwarf-with-dsym";
				ENABLE_NS_ASSERTIONS = NO;
				ENABLE_STRICT_OBJC_MSGSEND = YES;
				GCC_C_LANGUAGE_STANDARD = gnu11;
				GCC_NO_COMMON_BLOCKS = YES;
				GCC_WARN_64_TO_32_BIT_CONVERSION = YES;
				GCC_WARN_ABOUT_RETURN_TYPE = YES_ERROR;
				GCC_WARN_UNDECLARED_SELECTOR = YES;
				GCC_WARN_UNINITIALIZED_AUTOS = YES_AGGRESSIVE;
				GCC_WARN_UNUSED_FUNCTION = YES;
				GCC_WARN_UNUSED_VARIABLE = YES;
				IPHONEOS_DEPLOYMENT_TARGET = 14.5;
				MTL_ENABLE_DEBUG_INFO = NO;
				MTL_FAST_MATH = YES;
				SDKROOT = iphoneos;
				SWIFT_COMPILATION_MODE = wholemodule;
				SWIFT_OPTIMIZATION_LEVEL = "-O";
				VALIDATE_PRODUCT = YES;
			};
			name = Release;
		};
		FE993DCB26D65E53002A3462 /* Debug */ = {
			isa = XCBuildConfiguration;
			baseConfigurationReference = B91E96700DE29265C30FA904 /* Pods-WisdomToothWebApp.debug.xcconfig */;
			buildSettings = {
				ASSETCATALOG_COMPILER_APPICON_NAME = AppIcon;
				ASSETCATALOG_COMPILER_GLOBAL_ACCENT_COLOR_NAME = AccentColor;
				CODE_SIGN_ENTITLEMENTS = WisdomToothWebApp/WisdomToothWebApp.entitlements;
				CODE_SIGN_IDENTITY = "Apple Development";
				CODE_SIGN_STYLE = Automatic;
				DEVELOPMENT_ASSET_PATHS = "";
				DEVELOPMENT_TEAM = Y6H6TJMPYF;
				INFOPLIST_FILE = WisdomToothWebApp/Info.plist;
				LD_RUNPATH_SEARCH_PATHS = (
					"$(inherited)",
					"@executable_path/Frameworks",
				);
				PRODUCT_BUNDLE_IDENTIFIER = "com.invisionlab-kr.wisdom-tooth-web-app";
				PRODUCT_NAME = "$(TARGET_NAME)";
				PROVISIONING_PROFILE_SPECIFIER = "";
				SWIFT_VERSION = 5.0;
				TARGETED_DEVICE_FAMILY = "1,2";
			};
			name = Debug;
		};
		FE993DCC26D65E53002A3462 /* Release */ = {
			isa = XCBuildConfiguration;
			baseConfigurationReference = 8D50015B573DFC3AB530DEDF /* Pods-WisdomToothWebApp.release.xcconfig */;
			buildSettings = {
				ASSETCATALOG_COMPILER_APPICON_NAME = AppIcon;
				ASSETCATALOG_COMPILER_GLOBAL_ACCENT_COLOR_NAME = AccentColor;
				CODE_SIGN_ENTITLEMENTS = WisdomToothWebApp/WisdomToothWebApp.entitlements;
				CODE_SIGN_STYLE = Automatic;
				DEVELOPMENT_ASSET_PATHS = "";
				DEVELOPMENT_TEAM = Y6H6TJMPYF;
				INFOPLIST_FILE = WisdomToothWebApp/Info.plist;
				LD_RUNPATH_SEARCH_PATHS = (
					"$(inherited)",
					"@executable_path/Frameworks",
				);
				PRODUCT_BUNDLE_IDENTIFIER = "com.invisionlab-kr.wisdom-tooth-web-app";
				PRODUCT_NAME = "$(TARGET_NAME)";
				SWIFT_VERSION = 5.0;
				TARGETED_DEVICE_FAMILY = "1,2";
			};
			name = Release;
		};
		FE993DCE26D65E53002A3462 /* Debug */ = {
			isa = XCBuildConfiguration;
			baseConfigurationReference = 865BAB456703326FDE0FD8BA /* Pods-WisdomToothWebAppTests.debug.xcconfig */;
			buildSettings = {
				ALWAYS_EMBED_SWIFT_STANDARD_LIBRARIES = YES;
				BUNDLE_LOADER = "$(TEST_HOST)";
				"CODE_SIGN_IDENTITY[sdk=macosx*]" = "-";
				CODE_SIGN_STYLE = Automatic;
				INFOPLIST_FILE = WisdomToothWebAppTests/Info.plist;
				IPHONEOS_DEPLOYMENT_TARGET = 14.5;
				LD_RUNPATH_SEARCH_PATHS = (
					"$(inherited)",
					"@executable_path/Frameworks",
					"@loader_path/Frameworks",
				);
				PRODUCT_BUNDLE_IDENTIFIER = Invisionlab.WisdomToothWebAppTests;
				PRODUCT_NAME = "$(TARGET_NAME)";
				SWIFT_VERSION = 5.0;
				TARGETED_DEVICE_FAMILY = "1,2";
				TEST_HOST = "$(BUILT_PRODUCTS_DIR)/WisdomToothWebApp.app/WisdomToothWebApp";
			};
			name = Debug;
		};
		FE993DCF26D65E53002A3462 /* Release */ = {
			isa = XCBuildConfiguration;
			baseConfigurationReference = EC00C893AB8B2696CB6D8441 /* Pods-WisdomToothWebAppTests.release.xcconfig */;
			buildSettings = {
				ALWAYS_EMBED_SWIFT_STANDARD_LIBRARIES = YES;
				BUNDLE_LOADER = "$(TEST_HOST)";
				"CODE_SIGN_IDENTITY[sdk=macosx*]" = "-";
				CODE_SIGN_STYLE = Automatic;
				INFOPLIST_FILE = WisdomToothWebAppTests/Info.plist;
				IPHONEOS_DEPLOYMENT_TARGET = 14.5;
				LD_RUNPATH_SEARCH_PATHS = (
					"$(inherited)",
					"@executable_path/Frameworks",
					"@loader_path/Frameworks",
				);
				PRODUCT_BUNDLE_IDENTIFIER = Invisionlab.WisdomToothWebAppTests;
				PRODUCT_NAME = "$(TARGET_NAME)";
				SWIFT_VERSION = 5.0;
				TARGETED_DEVICE_FAMILY = "1,2";
				TEST_HOST = "$(BUILT_PRODUCTS_DIR)/WisdomToothWebApp.app/WisdomToothWebApp";
			};
			name = Release;
		};
		FE993DD126D65E53002A3462 /* Debug */ = {
			isa = XCBuildConfiguration;
			baseConfigurationReference = 1466CE609C6E396F11846542 /* Pods-WisdomToothWebApp-WisdomToothWebAppUITests.debug.xcconfig */;
			buildSettings = {
				ALWAYS_EMBED_SWIFT_STANDARD_LIBRARIES = YES;
				"CODE_SIGN_IDENTITY[sdk=macosx*]" = "-";
				CODE_SIGN_STYLE = Automatic;
				INFOPLIST_FILE = WisdomToothWebAppUITests/Info.plist;
				LD_RUNPATH_SEARCH_PATHS = (
					"$(inherited)",
					"@executable_path/Frameworks",
					"@loader_path/Frameworks",
				);
				PRODUCT_BUNDLE_IDENTIFIER = Invisionlab.WisdomToothWebAppUITests;
				PRODUCT_NAME = "$(TARGET_NAME)";
				SWIFT_VERSION = 5.0;
				TARGETED_DEVICE_FAMILY = "1,2";
				TEST_TARGET_NAME = WisdomToothWebApp;
			};
			name = Debug;
		};
		FE993DD226D65E53002A3462 /* Release */ = {
			isa = XCBuildConfiguration;
			baseConfigurationReference = 03BEFA34745B38A1FA1D5795 /* Pods-WisdomToothWebApp-WisdomToothWebAppUITests.release.xcconfig */;
			buildSettings = {
				ALWAYS_EMBED_SWIFT_STANDARD_LIBRARIES = YES;
				"CODE_SIGN_IDENTITY[sdk=macosx*]" = "-";
				CODE_SIGN_STYLE = Automatic;
				INFOPLIST_FILE = WisdomToothWebAppUITests/Info.plist;
				LD_RUNPATH_SEARCH_PATHS = (
					"$(inherited)",
					"@executable_path/Frameworks",
					"@loader_path/Frameworks",
				);
				PRODUCT_BUNDLE_IDENTIFIER = Invisionlab.WisdomToothWebAppUITests;
				PRODUCT_NAME = "$(TARGET_NAME)";
				SWIFT_VERSION = 5.0;
				TARGETED_DEVICE_FAMILY = "1,2";
				TEST_TARGET_NAME = WisdomToothWebApp;
			};
			name = Release;
		};
/* End XCBuildConfiguration section */

/* Begin XCConfigurationList section */
		FE993D9B26D65E50002A3462 /* Build configuration list for PBXProject "WisdomToothWebApp" */ = {
			isa = XCConfigurationList;
			buildConfigurations = (
				FE993DC826D65E53002A3462 /* Debug */,
				FE993DC926D65E53002A3462 /* Release */,
			);
			defaultConfigurationIsVisible = 0;
			defaultConfigurationName = Release;
		};
		FE993DCA26D65E53002A3462 /* Build configuration list for PBXNativeTarget "WisdomToothWebApp" */ = {
			isa = XCConfigurationList;
			buildConfigurations = (
				FE993DCB26D65E53002A3462 /* Debug */,
				FE993DCC26D65E53002A3462 /* Release */,
			);
			defaultConfigurationIsVisible = 0;
			defaultConfigurationName = Release;
		};
		FE993DCD26D65E53002A3462 /* Build configuration list for PBXNativeTarget "WisdomToothWebAppTests" */ = {
			isa = XCConfigurationList;
			buildConfigurations = (
				FE993DCE26D65E53002A3462 /* Debug */,
				FE993DCF26D65E53002A3462 /* Release */,
			);
			defaultConfigurationIsVisible = 0;
			defaultConfigurationName = Release;
		};
		FE993DD026D65E53002A3462 /* Build configuration list for PBXNativeTarget "WisdomToothWebAppUITests" */ = {
			isa = XCConfigurationList;
			buildConfigurations = (
				FE993DD126D65E53002A3462 /* Debug */,
				FE993DD226D65E53002A3462 /* Release */,
			);
			defaultConfigurationIsVisible = 0;
			defaultConfigurationName = Release;
		};
/* End XCConfigurationList section */
	};
	rootObject = FE993D9826D65E50002A3462 /* Project object */;
}
